
Microsoft Visual Studio Solution File, Format Version 12.00
# Visual Studio Version 17
VisualStudioVersion = 17.9.34622.214
MinimumVisualStudioVersion = 10.0.40219.1
Project("{FAE04EC0-301F-11D3-BF4B-00C04F79EFBC}") = "DomsGraphQL", "DomsGraphQL\DomsGraphQL.csproj", "{CC4477CC-7195-4CB3-ACA4-8AB92983254B}"
EndProject
Global
	GlobalSection(SolutionConfigurationPlatforms) = preSolution
		Debug|Any CPU = Debug|Any CPU
		Release|Any CPU = Release|Any CPU
	EndGlobalSection
	GlobalSection(ProjectConfigurationPlatforms) = postSolution
		{CC4477CC-7195-4CB3-ACA4-8AB92983254B}.Debug|Any CPU.ActiveCfg = Debug|Any CPU
		{CC4477CC-7195-4CB3-ACA4-8AB92983254B}.Debug|Any CPU.Build.0 = Debug|Any CPU
		{CC4477CC-7195-4CB3-ACA4-8AB92983254B}.Release|Any CPU.ActiveCfg = Release|Any CPU
		{CC4477CC-7195-4CB3-ACA4-8AB92983254B}.Release|Any CPU.Build.0 = Release|Any CPU
	EndGlobalSection
	GlobalSection(SolutionProperties) = preSolution
		HideSolutionNode = FALSE
	EndGlobalSection
	GlobalSection(ExtensibilityGlobals) = postSolution
		SolutionGuid = {33E9C989-47D4-4ED8-A969-0ADB2B40C0ED}
	EndGlobalSection
EndGlobal
